{
  "object": {
    "pins": [
      {
        "package": "XiphiasNet",
        "repositoryURL": "https://github.com/kamaal111/XiphiasNet",
        "state": {
          "branch": null,
          "revision": "a39069f862de535a386f32354f650699b497dfa3",
          "version": "3.0.4"
        }
      }
    ]
  },
  "version": 1
}
