{
  "object": {
    "pins": [
      {
        "package": "XiphiasNet",
        "repositoryURL": "https://github.com/kamaal111/XiphiasNet",
        "state": {
          "branch": null,
          "revision": "8bf1e3bc1db043195f1d00d205e979c69022459a",
          "version": "3.0.3"
        }
      }
    ]
  },
  "version": 1
}
